
Microsoft Visual Studio Solution File, Format Version 12.00
# Visual Studio Version 16
VisualStudioVersion = 16.0.29306.81
MinimumVisualStudioVersion = 10.0.40219.1
Project("{FAE04EC0-301F-11D3-BF4B-00C04F79EFBC}") = "03_Arreglos", "03_Arreglos\03_Arreglos.csproj", "{89513B26-55FB-4C48-83B7-1AFEF554FE34}"
EndProject
Global
	GlobalSection(SolutionConfigurationPlatforms) = preSolution
		Debug|Any CPU = Debug|Any CPU
		Release|Any CPU = Release|Any CPU
	EndGlobalSection
	GlobalSection(ProjectConfigurationPlatforms) = postSolution
		{89513B26-55FB-4C48-83B7-1AFEF554FE34}.Debug|Any CPU.ActiveCfg = Debug|Any CPU
		{89513B26-55FB-4C48-83B7-1AFEF554FE34}.Debug|Any CPU.Build.0 = Debug|Any CPU
		{89513B26-55FB-4C48-83B7-1AFEF554FE34}.Release|Any CPU.ActiveCfg = Release|Any CPU
		{89513B26-55FB-4C48-83B7-1AFEF554FE34}.Release|Any CPU.Build.0 = Release|Any CPU
	EndGlobalSection
	GlobalSection(SolutionProperties) = preSolution
		HideSolutionNode = FALSE
	EndGlobalSection
	GlobalSection(ExtensibilityGlobals) = postSolution
		SolutionGuid = {B577E7F2-D959-4BD2-99BE-04EAD8A8970C}
	EndGlobalSection
EndGlobal
