
Microsoft Visual Studio Solution File, Format Version 12.00
# Visual Studio Version 16
VisualStudioVersion = 16.0.29926.136
MinimumVisualStudioVersion = 10.0.40219.1
Project("{FAE04EC0-301F-11D3-BF4B-00C04F79EFBC}") = "ProgressBarHilosSolucion", "ProgressBarHilosSolucion\ProgressBarHilosSolucion.csproj", "{F6B2C6BB-03C0-43F6-924E-29A470E22DCE}"
EndProject
Global
	GlobalSection(SolutionConfigurationPlatforms) = preSolution
		Debug|Any CPU = Debug|Any CPU
		Release|Any CPU = Release|Any CPU
	EndGlobalSection
	GlobalSection(ProjectConfigurationPlatforms) = postSolution
		{F6B2C6BB-03C0-43F6-924E-29A470E22DCE}.Debug|Any CPU.ActiveCfg = Debug|Any CPU
		{F6B2C6BB-03C0-43F6-924E-29A470E22DCE}.Debug|Any CPU.Build.0 = Debug|Any CPU
		{F6B2C6BB-03C0-43F6-924E-29A470E22DCE}.Release|Any CPU.ActiveCfg = Release|Any CPU
		{F6B2C6BB-03C0-43F6-924E-29A470E22DCE}.Release|Any CPU.Build.0 = Release|Any CPU
	EndGlobalSection
	GlobalSection(SolutionProperties) = preSolution
		HideSolutionNode = FALSE
	EndGlobalSection
	GlobalSection(ExtensibilityGlobals) = postSolution
		SolutionGuid = {4222B22F-2C2B-4725-A487-D2F5FB838AE3}
	EndGlobalSection
EndGlobal
